// !$*UTF8*$!
{
	archiveVersion = 1;
	classes = {
	};
	objectVersion = 46;
	objects = {

/* Begin PBXBuildFile section */
		AB544D1B1D5CC5FD00387CAF /* main.m in Sources */ = {isa = PBXBuildFile; fileRef = AB544D1A1D5CC5FD00387CAF /* main.m */; };
/* End PBXBuildFile section */

/* Begin PBXCopyFilesBuildPhase section */
		AB544D151D5CC5FD00387CAF /* CopyFiles */ = {
			isa = PBXCopyFilesBuildPhase;
			buildActionMask = 2147483647;
			dstPath = /usr/share/man/man1/;
			dstSubfolderSpec = 0;
			files = (
			);
			runOnlyForDeploymentPostprocessing = 1;
		};
/* End PBXCopyFilesBuildPhase section */

/* Begin PBXFileReference section */
		AB544D171D5CC5FD00387CAF /* ClientTwo */ = {isa = PBXFileReference; explicitFileType = "compiled.mach-o.executable"; includeInIndex = 0; path = ClientTwo; sourceTree = BUILT_PRODUCTS_DIR; };
		AB544D1A1D5CC5FD00387CAF /* main.m */ = {isa = PBXFileReference; lastKnownFileType = sourcecode.c.objc; path = main.m; sourceTree = "<group>"; };
/* End PBXFileReference section */

/* Begin PBXFrameworksBuildPhase section */
		AB544D141D5CC5FD00387CAF /* Frameworks */ = {
			isa = PBXFrameworksBuildPhase;
			buildActionMask = 2147483647;
			files = (
			);
			runOnlyForDeploymentPostprocessing = 0;
		};
/* End PBXFrameworksBuildPhase section */

/* Begin PBXGroup section */
		AB544D0E1D5CC5FD00387CAF = {
			isa = PBXGroup;
			children = (
				AB544D191D5CC5FD00387CAF /* ClientTwo */,
				AB544D181D5CC5FD00387CAF /* Products */,
			);
			sourceTree = "<group>";
		};
		AB544D181D5CC5FD00387CAF /* Products */ = {
			isa = PBXGroup;
			children = (
				AB544D171D5CC5FD00387CAF /* ClientTwo */,
			);
			name = Products;
			sourceTree = "<group>";
		};
		AB544D191D5CC5FD00387CAF /* ClientTwo */ = {
			isa = PBXGroup;
			children = (
				AB544D1A1D5CC5FD00387CAF /* main.m */,
			);
			path = ClientTwo;
			sourceTree = "<group>";
		};
/* End PBXGroup section */

/* Begin PBXNativeTarget section */
		AB544D161D5CC5FD00387CAF /* ClientTwo */ = {
			isa = PBXNativeTarget;
			buildConfigurationList = AB544D1E1D5CC5FD00387CAF /* Build configuration list for PBXNativeTarget "ClientTwo" */;
			buildPhases = (
				AB544D131D5CC5FD00387CAF /* Sources */,
				AB544D141D5CC5FD00387CAF /* Frameworks */,
				AB544D151D5CC5FD00387CAF /* CopyFiles */,
			);
			buildRules = (
			);
			dependencies = (
			);
			name = ClientTwo;
			productName = ClientTwo;
			productReference = AB544D171D5CC5FD00387CAF /* ClientTwo */;
			productType = "com.apple.product-type.tool";
		};
/* End PBXNativeTarget section */

/* Begin PBXProject section */
		AB544D0F1D5CC5FD00387CAF /* Project object */ = {
			isa = PBXProject;
			attributes = {
				LastUpgradeCheck = 0730;
				ORGANIZATIONNAME = guanghzhang;
				TargetAttributes = {
					AB544D161D5CC5FD00387CAF = {
						CreatedOnToolsVersion = 7.3;
					};
				};
			};
			buildConfigurationList = AB544D121D5CC5FD00387CAF /* Build configuration list for PBXProject "ClientTwo" */;
			compatibilityVersion = "Xcode 3.2";
			developmentRegion = English;
			hasScannedForEncodings = 0;
			knownRegions = (
				en,
			);
			mainGroup = AB544D0E1D5CC5FD00387CAF;
			productRefGroup = AB544D181D5CC5FD00387CAF /* Products */;
			projectDirPath = "";
			projectRoot = "";
			targets = (
				AB544D161D5CC5FD00387CAF /* ClientTwo */,
			);
		};
/* End PBXProject section */

/* Begin PBXSourcesBuildPhase section */
		AB544D131D5CC5FD00387CAF /* Sources */ = {
			isa = PBXSourcesBuildPhase;
			buildActionMask = 2147483647;
			files = (
				AB544D1B1D5CC5FD00387CAF /* main.m in Sources */,
			);
			runOnlyForDeploymentPostprocessing = 0;
		};
/* End PBXSourcesBuildPhase section */

/* Begin XCBuildConfiguration section */
		AB544D1C1D5CC5FD00387CAF /* Debug */ = {
			isa = XCBuildConfiguration;
			buildSettings = {
				ALWAYS_SEARCH_USER_PATHS = NO;
				CLANG_ANALYZER_NONNULL = YES;
				CLANG_CXX_LANGUAGE_STANDARD = "gnu++0x";
				CLANG_CXX_LIBRARY = "libc++";
				CLANG_ENABLE_MODULES = YES;
				CLANG_ENABLE_OBJC_ARC = YES;
				CLANG_WARN_BOOL_CONVERSION = YES;
				CLANG_WARN_CONSTANT_CONVERSION = YES;
				CLANG_WARN_DIRECT_OBJC_ISA_USAGE = YES_ERROR;
				CLANG_WARN_EMPTY_BODY = YES;
				CLANG_WARN_ENUM_CONVERSION = YES;
				CLANG_WARN_INT_CONVERSION = YES;
				CLANG_WARN_OBJC_ROOT_CLASS = YES_ERROR;
				CLANG_WARN_UNREACHABLE_CODE = YES;
				CLANG_WARN__DUPLICATE_METHOD_MATCH = YES;
				CODE_SIGN_IDENTITY = "-";
				COPY_PHASE_STRIP = NO;
				DEBUG_INFORMATION_FORMAT = dwarf;
				ENABLE_STRICT_OBJC_MSGSEND = YES;
				ENABLE_TESTABILITY = YES;
				GCC_C_LANGUAGE_STANDARD = gnu99;
				GCC_DYNAMIC_NO_PIC = NO;
				GCC_NO_COMMON_BLOCKS = YES;
				GCC_OPTIMIZATION_LEVEL = 0;
				GCC_PREPROCESSOR_DEFINITIONS = (
					"DEBUG=1",
					"$(inherited)",
				);
				GCC_WARN_64_TO_32_BIT_CONVERSION = YES;
				GCC_WARN_ABOUT_RETURN_TYPE = YES_ERROR;
				GCC_WARN_UNDECLARED_SELECTOR = YES;
				GCC_WARN_UNINITIALIZED_AUTOS = YES_AGGRESSIVE;
				GCC_WARN_UNUSED_FUNCTION = YES;
				GCC_WARN_UNUSED_VARIABLE = YES;
				MACOSX_DEPLOYMENT_TARGET = 10.11;
				MTL_ENABLE_DEBUG_INFO = YES;
				ONLY_ACTIVE_ARCH = YES;
				SDKROOT = macosx;
			};
			name = Debug;
		};
		AB544D1D1D5CC5FD00387CAF /* Release */ = {
			isa = XCBuildConfiguration;
			buildSettings = {
				ALWAYS_SEARCH_USER_PATHS = NO;
				CLANG_ANALYZER_NONNULL = YES;
				CLANG_CXX_LANGUAGE_STANDARD = "gnu++0x";
				CLANG_CXX_LIBRARY = "libc++";
				CLANG_ENABLE_MODULES = YES;
				CLANG_ENABLE_OBJC_ARC = YES;
				CLANG_WARN_BOOL_CONVERSION = YES;
				CLANG_WARN_CONSTANT_CONVERSION = YES;
				CLANG_WARN_DIRECT_OBJC_ISA_USAGE = YES_ERROR;
				CLANG_WARN_EMPTY_BODY = YES;
				CLANG_WARN_ENUM_CONVERSION = YES;
				CLANG_WARN_INT_CONVERSION = YES;
				CLANG_WARN_OBJC_ROOT_CLASS = YES_ERROR;
				CLANG_WARN_UNREACHABLE_CODE = YES;
				CLANG_WARN__DUPLICATE_METHOD_MATCH = YES;
				CODE_SIGN_IDENTITY = "-";
				COPY_PHASE_STRIP = NO;
				DEBUG_INFORMATION_FORMAT = "dwarf-with-dsym";
				ENABLE_NS_ASSERTIONS = NO;
				ENABLE_STRICT_OBJC_MSGSEND = YES;
				GCC_C_LANGUAGE_STANDARD = gnu99;
				GCC_NO_COMMON_BLOCKS = YES;
				GCC_WARN_64_TO_32_BIT_CONVERSION = YES;
				GCC_WARN_ABOUT_RETURN_TYPE = YES_ERROR;
				GCC_WARN_UNDECLARED_SELECTOR = YES;
				GCC_WARN_UNINITIALIZED_AUTOS = YES_AGGRESSIVE;
				GCC_WARN_UNUSED_FUNCTION = YES;
				GCC_WARN_UNUSED_VARIABLE = YES;
				MACOSX_DEPLOYMENT_TARGET = 10.11;
				MTL_ENABLE_DEBUG_INFO = NO;
				SDKROOT = macosx;
			};
			name = Release;
		};
		AB544D1F1D5CC5FD00387CAF /* Debug */ = {
			isa = XCBuildConfiguration;
			buildSettings = {
				PRODUCT_NAME = "$(TARGET_NAME)";
			};
			name = Debug;
		};
		AB544D201D5CC5FD00387CAF /* Release */ = {
			isa = XCBuildConfiguration;
			buildSettings = {
				PRODUCT_NAME = "$(TARGET_NAME)";
			};
			name = Release;
		};
/* End XCBuildConfiguration section */

/* Begin XCConfigurationList section */
		AB544D121D5CC5FD00387CAF /* Build configuration list for PBXProject "ClientTwo" */ = {
			isa = XCConfigurationList;
			buildConfigurations = (
				AB544D1C1D5CC5FD00387CAF /* Debug */,
				AB544D1D1D5CC5FD00387CAF /* Release */,
			);
			defaultConfigurationIsVisible = 0;
			defaultConfigurationName = Release;
		};
		AB544D1E1D5CC5FD00387CAF /* Build configuration list for PBXNativeTarget "ClientTwo" */ = {
			isa = XCConfigurationList;
			buildConfigurations = (
				AB544D1F1D5CC5FD00387CAF /* Debug */,
				AB544D201D5CC5FD00387CAF /* Release */,
			);
			defaultConfigurationIsVisible = 0;
		};
/* End XCConfigurationList section */
	};
	rootObject = AB544D0F1D5CC5FD00387CAF /* Project object */;
}
